
Microsoft Visual Studio Solution File, Format Version 12.00
# Visual Studio Version 16
VisualStudioVersion = 16.0.30114.105
MinimumVisualStudioVersion = 10.0.40219.1
Project("{2150E333-8FDC-42A3-9474-1A3956D46DE8}") = "src", "src", "{1F0BAF0F-9DD1-4AE3-A79A-FBB1FBBC280E}"
EndProject
Project("{FAE04EC0-301F-11D3-BF4B-00C04F79EFBC}") = "SimpleAPI", "src\SimpleAPI\SimpleAPI.csproj", "{818BFE4C-E4B4-468A-A644-8747722559EF}"
EndProject
Project("{2150E333-8FDC-42A3-9474-1A3956D46DE8}") = "test", "test", "{4933780B-EBD4-40C3-BA1A-67EAD1031836}"
EndProject
Project("{FAE04EC0-301F-11D3-BF4B-00C04F79EFBC}") = "SimpleAPI.Test", "test\SimpleAPI.Test\SimpleAPI.Test.csproj", "{0519114C-7BC9-4D34-BC9B-AD799820BF45}"
EndProject
Global
	GlobalSection(SolutionConfigurationPlatforms) = preSolution
		Debug|Any CPU = Debug|Any CPU
		Release|Any CPU = Release|Any CPU
	EndGlobalSection
	GlobalSection(SolutionProperties) = preSolution
		HideSolutionNode = FALSE
	EndGlobalSection
	GlobalSection(ProjectConfigurationPlatforms) = postSolution
		{818BFE4C-E4B4-468A-A644-8747722559EF}.Debug|Any CPU.ActiveCfg = Debug|Any CPU
		{818BFE4C-E4B4-468A-A644-8747722559EF}.Debug|Any CPU.Build.0 = Debug|Any CPU
		{818BFE4C-E4B4-468A-A644-8747722559EF}.Release|Any CPU.ActiveCfg = Release|Any CPU
		{818BFE4C-E4B4-468A-A644-8747722559EF}.Release|Any CPU.Build.0 = Release|Any CPU
		{0519114C-7BC9-4D34-BC9B-AD799820BF45}.Debug|Any CPU.ActiveCfg = Debug|Any CPU
		{0519114C-7BC9-4D34-BC9B-AD799820BF45}.Debug|Any CPU.Build.0 = Debug|Any CPU
		{0519114C-7BC9-4D34-BC9B-AD799820BF45}.Release|Any CPU.ActiveCfg = Release|Any CPU
		{0519114C-7BC9-4D34-BC9B-AD799820BF45}.Release|Any CPU.Build.0 = Release|Any CPU
	EndGlobalSection
	GlobalSection(NestedProjects) = preSolution
		{818BFE4C-E4B4-468A-A644-8747722559EF} = {1F0BAF0F-9DD1-4AE3-A79A-FBB1FBBC280E}
		{0519114C-7BC9-4D34-BC9B-AD799820BF45} = {4933780B-EBD4-40C3-BA1A-67EAD1031836}
	EndGlobalSection
EndGlobal
